<?xml version="1.0" encoding="utf-8"?>
<Project ToolsVersion="4.0" xmlns:atg="http://atg.xbox.com" xmlns="http://schemas.microsoft.com/developer/msbuild/2003">
  <ItemGroup>
    <Filter Include="Resource Files">
      <UniqueIdentifier>{8e114980-c1a3-4ada-ad7c-83caadf5daeb}</UniqueIdentifier>
      <Extensions>rc;ico;cur;bmp;dlg;rc2;rct;bin;rgs;gif;jpg;jpeg;jpe</Extensions>
    </Filter>
    <Filter Include="Shaders">
      <UniqueIdentifier>{2c3d4c8c-5d1a-459a-a05a-a4e4b608a44e}</UniqueIdentifier>
      <Extensions>fx;fxh;hlsl</Extensions>
    </Filter>
    <Filter Include="Vendors">
      <UniqueIdentifier>{59107335-ebf4-4669-be4d-b59ee15d1461}</UniqueIdentifier>
    </Filter>
    <Filter Include="Vendors\imgui">
      <UniqueIdentifier>{04b55a09-c43c-46ae-8504-eb3043b87c76}</UniqueIdentifier>
    </Filter>
    <Filter Include="Vendors\rapidXML">
      <UniqueIdentifier>{3f01036d-c641-45cd-ad0f-4e114461551f}</UniqueIdentifier>
    </Filter>
  </ItemGroup>
  <ItemGroup>
    <ClInclude Include="Application.h" />
    <ClInclude Include="Vector3D.h" />
    <ClInclude Include="Matrix.h" />
    <ClInclude Include="DDSTextureLoader.h" />
    <ClInclude Include="OBJLoader.h" />
    <ClInclude Include="Structs.h" />
    <ClInclude Include="InputManager.h" />
    <ClInclude Include="LightHelper.h" />
    <ClInclude Include="Camera.h" />
    <ClInclude Include="Commons.h" />
    <ClInclude Include="GameObject.h" />
    <ClInclude Include="GameObjectPrimitives.h" />
    <ClInclude Include="vendor\imgui\imgui.h">
      <Filter>Vendors\imgui</Filter>
    </ClInclude>
    <ClInclude Include="vendor\imgui\imgui_internal.h">
      <Filter>Vendors\imgui</Filter>
    </ClInclude>
    <ClInclude Include="vendor\imgui\imstb_rectpack.h">
      <Filter>Vendors\imgui</Filter>
    </ClInclude>
    <ClInclude Include="vendor\imgui\imstb_textedit.h">
      <Filter>Vendors\imgui</Filter>
    </ClInclude>
    <ClInclude Include="vendor\imgui\imstb_truetype.h">
      <Filter>Vendors\imgui</Filter>
    </ClInclude>
    <ClInclude Include="vendor\imgui\imconfig.h">
      <Filter>Vendors\imgui</Filter>
    </ClInclude>
    <ClInclude Include="rapidxml.hpp">
      <Filter>Vendors\rapidXML</Filter>
    </ClInclude>
    <ClInclude Include="rapidxml_iterators.hpp">
      <Filter>Vendors\rapidXML</Filter>
    </ClInclude>
    <ClInclude Include="rapidxml_print.hpp">
      <Filter>Vendors\rapidXML</Filter>
    </ClInclude>
    <ClInclude Include="rapidxml_utils.hpp">
      <Filter>Vendors\rapidXML</Filter>
    </ClInclude>
    <ClInclude Include="GUIManager.h" />
    <ClInclude Include="vendor\imgui\imgui_impl_dx11.h">
      <Filter>Vendors\imgui</Filter>
    </ClInclude>
    <ClInclude Include="vendor\imgui\imgui_impl_win32.h">
      <Filter>Vendors\imgui</Filter>
    </ClInclude>
  </ItemGroup>
  <ItemGroup>
    <ClCompile Include="Application.cpp" />
    <ClCompile Include="DX11 Framework.cpp" />
    <ClCompile Include="Vector3D.cpp" />
    <ClCompile Include="Matrix.cpp" />
    <ClCompile Include="DDSTextureLoader.cpp" />
    <ClCompile Include="OBJLoader.cpp" />
    <ClCompile Include="InputManager.cpp" />
    <ClCompile Include="Camera.cpp" />
    <ClCompile Include="GameObject.cpp" />
    <ClCompile Include="GameObjectPrimitives.cpp" />
    <ClCompile Include="vendor\imgui\imgui.cpp">
      <Filter>Vendors\imgui</Filter>
    </ClCompile>
    <ClCompile Include="vendor\imgui\imgui_demo.cpp">
      <Filter>Vendors\imgui</Filter>
    </ClCompile>
    <ClCompile Include="vendor\imgui\imgui_draw.cpp">
      <Filter>Vendors\imgui</Filter>
    </ClCompile>
    <ClCompile Include="vendor\imgui\imgui_tables.cpp">
      <Filter>Vendors\imgui</Filter>
    </ClCompile>
    <ClCompile Include="vendor\imgui\imgui_widgets.cpp">
      <Filter>Vendors\imgui</Filter>
    </ClCompile>
    <ClCompile Include="GUIManager.cpp" />
    <ClCompile Include="vendor\imgui\imgui_impl_dx11.cpp">
      <Filter>Vendors\imgui</Filter>
    </ClCompile>
    <ClCompile Include="vendor\imgui\imgui_impl_win32.cpp">
      <Filter>Vendors\imgui</Filter>
    </ClCompile>
  </ItemGroup>
  <ItemGroup>
    <CLInclude Include="resource.h">
      <Filter>Resource Files</Filter>
    </CLInclude>
  </ItemGroup>
  <ItemGroup>
    <None Include="DX11 Framework.fx">
      <Filter>Shaders</Filter>
    </None>
  </ItemGroup>
  <ItemGroup>
    <ResourceCompile Include="DX11 Framework.rc">
      <Filter>Resource Files</Filter>
    </ResourceCompile>
  </ItemGroup>
</Project>